{
  "version": "3",
  "packages": {
    "specifiers": {
      "npm:postgres@3.4.3": "npm:postgres@3.4.3",
      "npm:zod@3.22.4": "npm:zod@3.22.4"
    },
    "npm": {
      "postgres@3.4.3": {
        "integrity": "sha512-iHJn4+M9vbTdHSdDzNkC0crHq+1CUdFhx+YqCE+SqWxPjm+Zu63jq7yZborOBF64c8pc58O5uMudyL1FQcHacA==",
        "dependencies": {}
      },
      "zod@3.22.4": {
        "integrity": "sha512-iC+8Io04lddc+mVqQ9AZ7OQ2MrUKGN+oIQyq1vemgt46jwCwLfhq7/pwnBnNXXXZb8VTVLKwp9EDkx+ryxIWmg==",
        "dependencies": {}
      }
    }
  },
  "remote": {
    "https://deno.land/std@0.206.0/fmt/bytes.ts": "f29cf69e0791d375f9f5d94ae1f0641e5a03b975f32ddf86d70f70fdf37e7b6a",
    "https://deno.land/std@0.206.0/fmt/duration.ts": "1dc8d51e85fc566f8fb1bb89b3b252298bd649bec5dd4fdb0f03ac52179ca7ad"
  }
}
