{
  "version": "3",
  "packages": {
    "specifiers": {
      "npm:clsx@2.0.0": "npm:clsx@2.0.0",
      "npm:lucide-preact@0.292.0": "npm:lucide-preact@0.292.0_preact@10.18.1",
      "npm:preact-render-to-string@6.2.2": "npm:preact-render-to-string@6.2.2_preact@10.18.1",
      "npm:preact@10.18.1": "npm:preact@10.18.1",
      "npm:zod@3.22.4": "npm:zod@3.22.4"
    },
    "npm": {
      "clsx@2.0.0": {
        "integrity": "sha512-rQ1+kcj+ttHG0MKVGBUXwayCCF1oh39BF5COIpRzuCEv8Mwjv0XucrI2ExNTOn9IlLifGClWQcU9BrZORvtw6Q==",
        "dependencies": {}
      },
      "lucide-preact@0.292.0_preact@10.18.1": {
        "integrity": "sha512-Z1xv9XQhu7iPqQUfd+c2FgDWo7umScm3SNsF0Bk4fR9scwefizUYS+MjdRYXNHmKZyMYWrsoVnMy9Aft/Mlw7Q==",
        "dependencies": {
          "preact": "preact@10.18.1"
        }
      },
      "preact-render-to-string@6.2.2_preact@10.18.1": {
        "integrity": "sha512-YDfXQiVeYZutFR8/DpxLSbW3W6b7GgjBExRBxOOqcjrGq5rA9cziitQdNPMZe4RVMSdfBnf4hYqyeLs/KvtIuA==",
        "dependencies": {
          "preact": "preact@10.18.1",
          "pretty-format": "pretty-format@3.8.0"
        }
      },
      "preact@10.18.1": {
        "integrity": "sha512-mKUD7RRkQQM6s7Rkmi7IFkoEHjuFqRQUaXamO61E6Nn7vqF/bo7EZCmSyrUnp2UWHw0O7XjZ2eeXis+m7tf4lg==",
        "dependencies": {}
      },
      "pretty-format@3.8.0": {
        "integrity": "sha512-WuxUnVtlWL1OfZFQFuqvnvs6MiAGk9UNsBostyBOB0Is9wb5uRESevA6rnl/rkksXaGX3GzZhPup5d6Vp1nFew==",
        "dependencies": {}
      },
      "zod@3.22.4": {
        "integrity": "sha512-iC+8Io04lddc+mVqQ9AZ7OQ2MrUKGN+oIQyq1vemgt46jwCwLfhq7/pwnBnNXXXZb8VTVLKwp9EDkx+ryxIWmg==",
        "dependencies": {}
      }
    }
  },
  "remote": {
    "https://deno.land/std@0.206.0/fmt/bytes.ts": "f29cf69e0791d375f9f5d94ae1f0641e5a03b975f32ddf86d70f70fdf37e7b6a",
    "https://deno.land/std@0.206.0/fmt/duration.ts": "1dc8d51e85fc566f8fb1bb89b3b252298bd649bec5dd4fdb0f03ac52179ca7ad"
  }
}
